
Microsoft Visual Studio Solution File, Format Version 12.00
# Visual Studio Version 16
VisualStudioVersion = 16.0.30225.117
MinimumVisualStudioVersion = 10.0.40219.1
Project("{FAE04EC0-301F-11D3-BF4B-00C04F79EFBC}") = "ExploringApollo", "ExploringApollo\ExploringApollo.csproj", "{A512D797-5D20-4169-B6E3-B7964BF70DED}"
EndProject
Global
	GlobalSection(SolutionConfigurationPlatforms) = preSolution
		Debug|Any CPU = Debug|Any CPU
		Release|Any CPU = Release|Any CPU
	EndGlobalSection
	GlobalSection(ProjectConfigurationPlatforms) = postSolution
		{A512D797-5D20-4169-B6E3-B7964BF70DED}.Debug|Any CPU.ActiveCfg = Debug|Any CPU
		{A512D797-5D20-4169-B6E3-B7964BF70DED}.Debug|Any CPU.Build.0 = Debug|Any CPU
		{A512D797-5D20-4169-B6E3-B7964BF70DED}.Release|Any CPU.ActiveCfg = Release|Any CPU
		{A512D797-5D20-4169-B6E3-B7964BF70DED}.Release|Any CPU.Build.0 = Release|Any CPU
	EndGlobalSection
	GlobalSection(SolutionProperties) = preSolution
		HideSolutionNode = FALSE
	EndGlobalSection
	GlobalSection(ExtensibilityGlobals) = postSolution
		SolutionGuid = {73E5E4A2-70C7-498C-899A-8500FACB7BAD}
	EndGlobalSection
EndGlobal
