{
  "requires": true,
  "lockfileVersion": 1,
  "dependencies": {
    "amdefine": {
      "version": "1.0.1",
      "resolved": "https://registry.npmjs.org/amdefine/-/amdefine-1.0.1.tgz",
      "integrity": "sha1-SlKCrBZHKek2Gbz9OtFR+BfOkfU="
    },
    "autoprefixer": {
      "version": "0.8.20131213",
      "resolved": "https://registry.npmjs.org/autoprefixer/-/autoprefixer-0.8.20131213.tgz",
      "integrity": "sha1-/gqRZldgh+KBl1i9Cd32KFn9og0=",
      "requires": {
        "css-parse": "~> 1.6.0",
        "css-stringify": "~> 1.4.1"
      }
    },
    "bytes": {
      "version": "1.0.0",
      "resolved": "https://registry.npmjs.org/bytes/-/bytes-1.0.0.tgz",
      "integrity": "sha1-NWnt6Lo0MV+rmcPpLLBMciDeH6g="
    },
    "color-parser": {
      "version": "0.1.0",
      "resolved": "https://registry.npmjs.org/color-parser/-/color-parser-0.1.0.tgz",
      "integrity": "sha1-jhfJPKAsx7TZmNmyDMawyOHOGco="
    },
    "commander": {
      "version": "2.1.0",
      "resolved": "https://registry.npmjs.org/commander/-/commander-2.1.0.tgz",
      "integrity": "sha1-0SG7roYNmZKj1Re6lvVliOR8Z4E="
    },
    "css": {
      "version": "1.4.4",
      "resolved": "https://registry.npmjs.org/css/-/css-1.4.4.tgz",
      "integrity": "sha1-xGF1ZeZeMUDfDPb5hbRZ8D4IK+Y=",
      "requires": {
        "css-parse": "1.6.0",
        "css-stringify": "1.3.2"
      },
      "dependencies": {
        "css-stringify": {
          "version": "1.3.2",
          "resolved": "https://registry.npmjs.org/css-stringify/-/css-stringify-1.3.2.tgz",
          "integrity": "sha1-n3B5J/KxZ83Vb/pCnyb6IGmCwmk="
        }
      }
    },
    "css-parse": {
      "version": "1.6.0",
      "resolved": "https://registry.npmjs.org/css-parse/-/css-parse-1.6.0.tgz",
      "integrity": "sha1-uPwkFvjthZxfv3kchrnrwCJYmM4="
    },
    "css-stringify": {
      "version": "1.4.1",
      "resolved": "https://registry.npmjs.org/css-stringify/-/css-stringify-1.4.1.tgz",
      "integrity": "sha1-JSzL8D9yOgCb3Ydw/n6ydBca/fo=",
      "requires": {
        "source-map": "~0.1.31"
      }
    },
    "dapper": {
      "version": "0.0.6",
      "resolved": "https://registry.npmjs.org/dapper/-/dapper-0.0.6.tgz",
      "integrity": "sha1-22T9THrqe7SKDXvOnCVuLbL/3xA=",
      "requires": {
        "autoprefixer": "~0.8.20131213",
        "commander": "~2.1.0",
        "raw-body": "~1.1.2",
        "rework": "~0.18.3"
      }
    },
    "debug": {
      "version": "4.1.1",
      "resolved": "https://registry.npmjs.org/debug/-/debug-4.1.1.tgz",
      "integrity": "sha512-pYAIzeRo8J6KPEaJ0VWOh5Pzkbw/RetuzehGM7QRRX5he4fPHx2rdKMB256ehJCkX+XRQm16eZLqLNS8RSZXZw==",
      "requires": {
        "ms": "^2.1.1"
      }
    },
    "hsb2rgb": {
      "version": "1.0.2",
      "resolved": "https://registry.npmjs.org/hsb2rgb/-/hsb2rgb-1.0.2.tgz",
      "integrity": "sha1-MY6sLclPAu6MT9BY7u7WDRLbV7k="
    },
    "keypress": {
      "version": "0.1.0",
      "resolved": "https://registry.npmjs.org/keypress/-/keypress-0.1.0.tgz",
      "integrity": "sha1-SjGI1CkbZrT2XtuZ+AaqmuKTWSo="
    },
    "mime": {
      "version": "1.2.9",
      "resolved": "https://registry.npmjs.org/mime/-/mime-1.2.9.tgz",
      "integrity": "sha1-AJzUCGe9Nd5SGzuWbwTi+NTRPQk="
    },
    "ms": {
      "version": "2.1.2",
      "resolved": "https://registry.npmjs.org/ms/-/ms-2.1.2.tgz",
      "integrity": "sha512-sGkPx+VjMtmA6MX27oA4FBFELFCZZ4S4XqeGOXCv68tT+jb3vk/RyaKWP0PTKyWtmLSM0b+adUTEvbs1PEaH2w=="
    },
    "raw-body": {
      "version": "1.1.7",
      "resolved": "https://registry.npmjs.org/raw-body/-/raw-body-1.1.7.tgz",
      "integrity": "sha1-HQJ8K/oRasxmI7yo8AAWVyqH1CU=",
      "requires": {
        "bytes": "1",
        "string_decoder": "0.10"
      }
    },
    "rework": {
      "version": "0.18.3",
      "resolved": "https://registry.npmjs.org/rework/-/rework-0.18.3.tgz",
      "integrity": "sha1-tjDI7xrYrRP9Fs0xKLeZFWwZHM4=",
      "requires": {
        "color-parser": "0.1.0",
        "commander": "1.0.4",
        "css": "1.4.4",
        "debug": "*",
        "hsb2rgb": "1.0.2",
        "mime": "1.2.9",
        "rework-inherit": "0.2.1",
        "rework-visit": "1.0.0"
      },
      "dependencies": {
        "commander": {
          "version": "1.0.4",
          "resolved": "https://registry.npmjs.org/commander/-/commander-1.0.4.tgz",
          "integrity": "sha1-Xt6xruI8T7VBprcNaSq+8ZZpotM=",
          "requires": {
            "keypress": "0.1.x"
          }
        }
      }
    },
    "rework-inherit": {
      "version": "0.2.1",
      "resolved": "https://registry.npmjs.org/rework-inherit/-/rework-inherit-0.2.1.tgz",
      "integrity": "sha1-/dAaGZsKhu+QlDb7Nz97NDk28YU=",
      "requires": {
        "debug": "*"
      }
    },
    "rework-visit": {
      "version": "1.0.0",
      "resolved": "https://registry.npmjs.org/rework-visit/-/rework-visit-1.0.0.tgz",
      "integrity": "sha1-mUWygD8hni96ygCtuLyfZA+ELJo="
    },
    "source-map": {
      "version": "0.1.43",
      "resolved": "https://registry.npmjs.org/source-map/-/source-map-0.1.43.tgz",
      "integrity": "sha1-wkvBRspRfBRx9drL4lcbK3+eM0Y=",
      "requires": {
        "amdefine": ">=0.0.4"
      }
    },
    "string_decoder": {
      "version": "0.10.31",
      "resolved": "https://registry.npmjs.org/string_decoder/-/string_decoder-0.10.31.tgz",
      "integrity": "sha1-YuIDvEF2bGwoyfyEMB2rHFMQ+pQ="
    }
  }
}
